
Microsoft Visual Studio Solution File, Format Version 12.00
# Visual Studio Version 16
VisualStudioVersion = 16.0.30907.101
MinimumVisualStudioVersion = 10.0.40219.1
Project("{FAE04EC0-301F-11D3-BF4B-00C04F79EFBC}") = "DepotDownloaderGUI", "DepotDownloaderGUI.csproj", "{9FE2AF44-2D88-43DB-9B8F-EA410552D8CE}"
EndProject
Global
	GlobalSection(SolutionConfigurationPlatforms) = preSolution
		Debug|Any CPU = Debug|Any CPU
		Release|Any CPU = Release|Any CPU
	EndGlobalSection
	GlobalSection(ProjectConfigurationPlatforms) = postSolution
		{9FE2AF44-2D88-43DB-9B8F-EA410552D8CE}.Debug|Any CPU.ActiveCfg = Debug|Any CPU
		{9FE2AF44-2D88-43DB-9B8F-EA410552D8CE}.Debug|Any CPU.Build.0 = Debug|Any CPU
		{9FE2AF44-2D88-43DB-9B8F-EA410552D8CE}.Release|Any CPU.ActiveCfg = Release|Any CPU
		{9FE2AF44-2D88-43DB-9B8F-EA410552D8CE}.Release|Any CPU.Build.0 = Release|Any CPU
	EndGlobalSection
	GlobalSection(SolutionProperties) = preSolution
		HideSolutionNode = FALSE
	EndGlobalSection
	GlobalSection(ExtensibilityGlobals) = postSolution
		SolutionGuid = {B49312C0-32E2-42A5-9DC8-892A707C0EF8}
	EndGlobalSection
EndGlobal
