{
  "name": "steamdepotdownloadergui",
  "version": "3.0.0",
  "lockfileVersion": 3,
  "requires": true,
  "packages": {
    "": {
      "name": "steamdepotdownloadergui",
      "version": "3.0.0",
      "devDependencies": {
        "@tauri-apps/cli": "^2.0.0-beta.0"
      }
    },
    "node_modules/@tauri-apps/cli": {
      "version": "2.0.0-beta.1",
      "resolved": "https://registry.npmjs.org/@tauri-apps/cli/-/cli-2.0.0-beta.1.tgz",
      "integrity": "sha512-u3AcZPdHsg9qT3e9PSD0H2IVZetQvWuBOyF81CN7/sY+AJGOli7i2d38Bj4wJs50tuMotoseiMcxuyxTlAdBnw==",
      "dev": true,
      "bin": {
        "tauri": "tauri.js"
      },
      "engines": {
        "node": ">= 10"
      },
      "funding": {
        "type": "opencollective",
        "url": "https://opencollective.com/tauri"
      },
      "optionalDependencies": {
        "@tauri-apps/cli-darwin-arm64": "2.0.0-beta.1",
        "@tauri-apps/cli-darwin-x64": "2.0.0-beta.1",
        "@tauri-apps/cli-linux-arm-gnueabihf": "2.0.0-beta.1",
        "@tauri-apps/cli-linux-arm64-gnu": "2.0.0-beta.1",
        "@tauri-apps/cli-linux-arm64-musl": "2.0.0-beta.1",
        "@tauri-apps/cli-linux-x64-gnu": "2.0.0-beta.1",
        "@tauri-apps/cli-linux-x64-musl": "2.0.0-beta.1",
        "@tauri-apps/cli-win32-arm64-msvc": "2.0.0-beta.1",
        "@tauri-apps/cli-win32-ia32-msvc": "2.0.0-beta.1",
        "@tauri-apps/cli-win32-x64-msvc": "2.0.0-beta.1"
      }
    },
    "node_modules/@tauri-apps/cli-darwin-arm64": {
      "version": "2.0.0-beta.1",
      "resolved": "https://registry.npmjs.org/@tauri-apps/cli-darwin-arm64/-/cli-darwin-arm64-2.0.0-beta.1.tgz",
      "integrity": "sha512-d71utEr9H3fXAI6nKPaPuINpnvMQn+UIscOTzTMcrmIDqptOO0ix8z6C3HSvNxV0OjtlxzNJGWwOb24U0OYrgw==",
      "cpu": [
        "arm64"
      ],
      "dev": true,
      "optional": true,
      "os": [
        "darwin"
      ],
      "engines": {
        "node": ">= 10"
      }
    },
    "node_modules/@tauri-apps/cli-darwin-x64": {
      "version": "2.0.0-beta.1",
      "resolved": "https://registry.npmjs.org/@tauri-apps/cli-darwin-x64/-/cli-darwin-x64-2.0.0-beta.1.tgz",
      "integrity": "sha512-bzsWZjQt5NG1uhbDTGw8Hmvm+J1d+9J7HXMMMwQc4E3kBns95sr4bIoXvgIq3cZYS4uyZOvdhEdjkSGg1c65Lg==",
      "cpu": [
        "x64"
      ],
      "dev": true,
      "optional": true,
      "os": [
        "darwin"
      ],
      "engines": {
        "node": ">= 10"
      }
    },
    "node_modules/@tauri-apps/cli-linux-arm-gnueabihf": {
      "version": "2.0.0-beta.1",
      "resolved": "https://registry.npmjs.org/@tauri-apps/cli-linux-arm-gnueabihf/-/cli-linux-arm-gnueabihf-2.0.0-beta.1.tgz",
      "integrity": "sha512-FMnZpk4a5D9QgZKkT00P3f4CHEZFpn/b+pWfZJ7vxCdir+Cc1eKOHiqhvmMBEeLlYlQFBaYeAK0EaZWnN82ZJA==",
      "cpu": [
        "arm"
      ],
      "dev": true,
      "optional": true,
      "os": [
        "linux"
      ],
      "engines": {
        "node": ">= 10"
      }
    },
    "node_modules/@tauri-apps/cli-linux-arm64-gnu": {
      "version": "2.0.0-beta.1",
      "resolved": "https://registry.npmjs.org/@tauri-apps/cli-linux-arm64-gnu/-/cli-linux-arm64-gnu-2.0.0-beta.1.tgz",
      "integrity": "sha512-0kE65P+6ppeAOFsJV6av5VhkjDv1dcHkObErpjJHpwYowuC3aqaCCnH3biR9gNvcoVUXsCwmMA/BkxUpq9W9/g==",
      "cpu": [
        "arm64"
      ],
      "dev": true,
      "optional": true,
      "os": [
        "linux"
      ],
      "engines": {
        "node": ">= 10"
      }
    },
    "node_modules/@tauri-apps/cli-linux-arm64-musl": {
      "version": "2.0.0-beta.1",
      "resolved": "https://registry.npmjs.org/@tauri-apps/cli-linux-arm64-musl/-/cli-linux-arm64-musl-2.0.0-beta.1.tgz",
      "integrity": "sha512-Wsj1eSrrAVeuFQWJq1gVIA78I8JM50fEsxbrMAOf89ZXpCYxJTNCJkyRQyLB+yHhv9nmhA3a1Mmr5ubhRETy1Q==",
      "cpu": [
        "arm64"
      ],
      "dev": true,
      "optional": true,
      "os": [
        "linux"
      ],
      "engines": {
        "node": ">= 10"
      }
    },
    "node_modules/@tauri-apps/cli-linux-x64-gnu": {
      "version": "2.0.0-beta.1",
      "resolved": "https://registry.npmjs.org/@tauri-apps/cli-linux-x64-gnu/-/cli-linux-x64-gnu-2.0.0-beta.1.tgz",
      "integrity": "sha512-LkzLJWg+ud2gWuq8yAWJ3Sahrp79Vbd2Cotbm/RbfMi7RbRV8TQYj4zfUhyFJVnk4nF89kTnwfNxLdTw67CAOw==",
      "cpu": [
        "x64"
      ],
      "dev": true,
      "optional": true,
      "os": [
        "linux"
      ],
      "engines": {
        "node": ">= 10"
      }
    },
    "node_modules/@tauri-apps/cli-linux-x64-musl": {
      "version": "2.0.0-beta.1",
      "resolved": "https://registry.npmjs.org/@tauri-apps/cli-linux-x64-musl/-/cli-linux-x64-musl-2.0.0-beta.1.tgz",
      "integrity": "sha512-Ro3PuLSNEZAw9/Rc2CP3k9P7LaUQ2TOFXJeW6G4aCXrd0MlJwlGhhjdZuLbmgzD1rda4dSpZGJPhbYvu8YD7eQ==",
      "cpu": [
        "x64"
      ],
      "dev": true,
      "optional": true,
      "os": [
        "linux"
      ],
      "engines": {
        "node": ">= 10"
      }
    },
    "node_modules/@tauri-apps/cli-win32-arm64-msvc": {
      "version": "2.0.0-beta.1",
      "resolved": "https://registry.npmjs.org/@tauri-apps/cli-win32-arm64-msvc/-/cli-win32-arm64-msvc-2.0.0-beta.1.tgz",
      "integrity": "sha512-SWNF+5B+lBbW/Kq1wTMVG9x97PqJUOo8eWAr/nlMm3J0lYbTWAa8/ScibaPjq82HiPhv8WCJXlcO6FEqWCoJ2A==",
      "cpu": [
        "arm64"
      ],
      "dev": true,
      "optional": true,
      "os": [
        "win32"
      ],
      "engines": {
        "node": ">= 10"
      }
    },
    "node_modules/@tauri-apps/cli-win32-ia32-msvc": {
      "version": "2.0.0-beta.1",
      "resolved": "https://registry.npmjs.org/@tauri-apps/cli-win32-ia32-msvc/-/cli-win32-ia32-msvc-2.0.0-beta.1.tgz",
      "integrity": "sha512-NvfP16fSlfq6GLHJH+gAxEsJn+Jvz3HoxMTLxAg7Ra0ycMODFu4xbNn6Hp7Djn297qTHHLYDva4Np6Whw5DUlQ==",
      "cpu": [
        "ia32"
      ],
      "dev": true,
      "optional": true,
      "os": [
        "win32"
      ],
      "engines": {
        "node": ">= 10"
      }
    },
    "node_modules/@tauri-apps/cli-win32-x64-msvc": {
      "version": "2.0.0-beta.1",
      "resolved": "https://registry.npmjs.org/@tauri-apps/cli-win32-x64-msvc/-/cli-win32-x64-msvc-2.0.0-beta.1.tgz",
      "integrity": "sha512-9TKbDQyVHW0p1a7aXQEKg+MhCyFMpzD26puLKOxbTPiTcRUR4lUFq5Bhf1VR5ihoqnZNhJEtuR1mA16ZrIkuKQ==",
      "cpu": [
        "x64"
      ],
      "dev": true,
      "optional": true,
      "os": [
        "win32"
      ],
      "engines": {
        "node": ">= 10"
      }
    }
  }
}
